[[package]]
category = "dev"
description = "Fast implementation of asyncio event loop on top of libuv"
name = "uvloop"
optional = true
python-versions = "*"
version = "0.15.1"

[package.extras]
dev = ["Cython (>=0.29.20,<0.30.0)", "pytest (>=3.6.0)", "Sphinx (>=1.7.3,<1.8.0)", "sphinxcontrib-asyncio (>=0.2.0,<0.3.0)", "sphinx-rtd-theme (>=0.2.4,<0.3.0)", "aiohttp", "flake8 (>=3.8.4,<3.9.0)", "psutil", "pycodestyle (>=2.6.0,<2.7.0)", "pyOpenSSL (>=19.0.0,<19.1.0)", "mypy (>=0.800)"]
docs = ["Sphinx (>=1.7.3,<1.8.0)", "sphinxcontrib-asyncio (>=0.2.0,<0.3.0)", "sphinx-rtd-theme (>=0.2.4,<0.3.0)"]
test = ["aiohttp", "flake8 (>=3.8.4,<3.9.0)", "psutil", "pycodestyle (>=2.6.0,<2.7.0)", "pyOpenSSL (>=19.0.0,<19.1.0)", "mypy (>=0.800)"]

[metadata]
content-hash = "703609927295e9e306f0e2a5e47e74adf2621a5d40468169f8fdb0cd4ab16752"
lock-version = "1.0"
python-versions = "^3.6"

[metadata.files]
uvloop = [
    {file = "uvloop-0.15.1-cp37-cp37m-macosx_10_14_x86_64.whl", hash = "sha256:9541dc3f391941796ae95c9c3bb16b813acf9e3d4beebfd3b623f1acb22d318d"},
    {file = "uvloop-0.15.1-cp37-cp37m-manylinux2010_x86_64.whl", hash = "sha256:e178c255622d928d464187e3ceba94db88465f6b17909c651483fb73af8d8b85"},
    {file = "uvloop-0.15.1-cp37-cp37m-manylinux2014_aarch64.whl", hash = "sha256:47ec567151070ed770211d359ad9250b59368548c60212c7ef6dda3f5b1778f6"},
    {file = "uvloop-0.15.1-cp38-cp38-macosx_10_14_x86_64.whl", hash = "sha256:66881fe8a2187334c4dd5010c56310bdf32fe426613f9ca727f090bc31280624"},
    {file = "uvloop-0.15.1-cp38-cp38-manylinux2010_x86_64.whl", hash = "sha256:e72779681f839b6a069d7e7a9f7962a1d1927612c5c2e33071415478bdc1b91b"},
    {file = "uvloop-0.15.1-cp38-cp38-manylinux2014_aarch64.whl", hash = "sha256:ed073d24e0c383c24d17d3a2bb209b999ff0a8130e89b7c3f033db9e0c3bd04f"},
    {file = "uvloop-0.15.1-cp39-cp39-macosx_10_14_x86_64.whl", hash = "sha256:236a3c31096e0845029856f7bc07a938340c2cdb35d9d39b38c9253b672bf948"},
    {file = "uvloop-0.15.1-cp39-cp39-manylinux2010_x86_64.whl", hash = "sha256:ca8a9e982f0bfbe331f41902cdd721c6e749e4685a403685e792b86a584f5969"},
    {file = "uvloop-0.15.1-cp39-cp39-manylinux2014_aarch64.whl", hash = "sha256:1ae1ad731c8c0dcee80e0ecf06274f0f7293244d2cef81fa2747321a370a6aba"},
    {file = "uvloop-0.15.1.tar.gz", hash = "sha256:7846828112bfb49abc5fdfc47d0e4dfd7402115c9fde3c14c31818cfbeeb63dc"},
]
